
Microsoft Visual Studio Solution File, Format Version 12.00
# Visual Studio Version 17
VisualStudioVersion = 17.6.33829.357
MinimumVisualStudioVersion = 10.0.40219.1
Project("{9A19103F-16F7-4668-BE54-9A1E7A4F7556}") = "Fashionista", "Fashionista.csproj", "{E590264C-6029-4682-BFEB-63CD78D531AE}"
EndProject
Global
	GlobalSection(SolutionConfigurationPlatforms) = preSolution
		Debug|Any CPU = Debug|Any CPU
		Release|Any CPU = Release|Any CPU
	EndGlobalSection
	GlobalSection(ProjectConfigurationPlatforms) = postSolution
		{E590264C-6029-4682-BFEB-63CD78D531AE}.Debug|Any CPU.ActiveCfg = Debug|Any CPU
		{E590264C-6029-4682-BFEB-63CD78D531AE}.Debug|Any CPU.Build.0 = Debug|Any CPU
		{E590264C-6029-4682-BFEB-63CD78D531AE}.Release|Any CPU.ActiveCfg = Release|Any CPU
		{E590264C-6029-4682-BFEB-63CD78D531AE}.Release|Any CPU.Build.0 = Release|Any CPU
	EndGlobalSection
	GlobalSection(SolutionProperties) = preSolution
		HideSolutionNode = FALSE
	EndGlobalSection
	GlobalSection(ExtensibilityGlobals) = postSolution
		SolutionGuid = {3D7F719E-6592-4E74-854B-7592040F8F4D}
	EndGlobalSection
EndGlobal
